
Microsoft Visual Studio Solution File, Format Version 12.00
# Visual Studio Version 17
VisualStudioVersion = 17.3.32901.215
MinimumVisualStudioVersion = 10.0.40219.1
Project("{FAE04EC0-301F-11D3-BF4B-00C04F79EFBC}") = "Laba №6", "Laba №6\Laba №6.csproj", "{A0B20FCE-7C79-4C72-AF73-030AF6FD7A4F}"
EndProject
Global
	GlobalSection(SolutionConfigurationPlatforms) = preSolution
		Debug|Any CPU = Debug|Any CPU
		Release|Any CPU = Release|Any CPU
	EndGlobalSection
	GlobalSection(ProjectConfigurationPlatforms) = postSolution
		{A0B20FCE-7C79-4C72-AF73-030AF6FD7A4F}.Debug|Any CPU.ActiveCfg = Debug|Any CPU
		{A0B20FCE-7C79-4C72-AF73-030AF6FD7A4F}.Debug|Any CPU.Build.0 = Debug|Any CPU
		{A0B20FCE-7C79-4C72-AF73-030AF6FD7A4F}.Release|Any CPU.ActiveCfg = Release|Any CPU
		{A0B20FCE-7C79-4C72-AF73-030AF6FD7A4F}.Release|Any CPU.Build.0 = Release|Any CPU
	EndGlobalSection
	GlobalSection(SolutionProperties) = preSolution
		HideSolutionNode = FALSE
	EndGlobalSection
	GlobalSection(ExtensibilityGlobals) = postSolution
		SolutionGuid = {AC94C6F2-F642-4508-95F9-BB19F152CA1A}
	EndGlobalSection
EndGlobal
